
Microsoft Visual Studio Solution File, Format Version 12.00
# Visual Studio 15
VisualStudioVersion = 15.0.28307.1169
MinimumVisualStudioVersion = 10.0.40219.1
Project("{FAE04EC0-301F-11D3-BF4B-00C04F79EFBC}") = "abstraction", "abstraction\abstraction.csproj", "{471F6DAB-037B-4714-8C9E-DB1F796F00AB}"
EndProject
Project("{FAE04EC0-301F-11D3-BF4B-00C04F79EFBC}") = "basethisoverloading", "ConsoleApp1\basethisoverloading.csproj", "{5594D28D-E37C-4BBA-BAB0-77C1ABF6E8D2}"
EndProject
Project("{FAE04EC0-301F-11D3-BF4B-00C04F79EFBC}") = "interface", "interface\interface.csproj", "{C7E56277-D24A-4160-8482-EFAF7D875C44}"
EndProject
Project("{FAE04EC0-301F-11D3-BF4B-00C04F79EFBC}") = "virtualkalıtım", "virtualkalıtım\virtualkalıtım.csproj", "{5C0D47D4-3FDC-415C-837E-42011AB25BEA}"
EndProject
Project("{FAE04EC0-301F-11D3-BF4B-00C04F79EFBC}") = "struct", "struct\struct.csproj", "{6BAB9608-3AAD-43F4-869C-89C8AAA5D7AB}"
EndProject
Project("{FAE04EC0-301F-11D3-BF4B-00C04F79EFBC}") = "trycatch", "trycatch\trycatch.csproj", "{6748543C-26D5-416F-A32B-6AEDB77D9576}"
EndProject
Project("{2150E333-8FDC-42A3-9474-1A3956D46DE8}") = "İNHERİTANCE", "İNHERİTANCE", "{BE78EB27-DCFE-454B-9566-DA67BBE40D97}"
EndProject
Project("{2150E333-8FDC-42A3-9474-1A3956D46DE8}") = "ABSTRACTION", "ABSTRACTION", "{8CCA946B-862B-4776-8E16-71064BEA4FC8}"
EndProject
Project("{2150E333-8FDC-42A3-9474-1A3956D46DE8}") = "ENCAPSULATION", "ENCAPSULATION", "{A051D18A-931F-488F-8827-C3A7BE9B2B95}"
EndProject
Project("{2150E333-8FDC-42A3-9474-1A3956D46DE8}") = "POLYMORPHİSM", "POLYMORPHİSM", "{3A61DDDF-6FE2-4705-8AE6-25ACD2AC027A}"
EndProject
Project("{2150E333-8FDC-42A3-9474-1A3956D46DE8}") = "INTERFACE", "INTERFACE", "{363255CA-07CC-482F-981E-B0D410F3B8DA}"
EndProject
Project("{FAE04EC0-301F-11D3-BF4B-00C04F79EFBC}") = "interface2", "interface2\interface2.csproj", "{235F9E4F-B41F-4D2C-AE41-875C8856CCBC}"
EndProject
Project("{FAE04EC0-301F-11D3-BF4B-00C04F79EFBC}") = "interface3", "interface3\interface3.csproj", "{3A684979-2E3E-489D-8513-B431EBAAD958}"
EndProject
Project("{FAE04EC0-301F-11D3-BF4B-00C04F79EFBC}") = "interface4", "interface4\interface4.csproj", "{D85C167D-8C7F-4EAB-B97B-D57FDB102386}"
EndProject
Project("{2150E333-8FDC-42A3-9474-1A3956D46DE8}") = "SINAV", "SINAV", "{C40DDF93-8630-4B62-B1DB-69EE0D0D5AAD}"
EndProject
Project("{FAE04EC0-301F-11D3-BF4B-00C04F79EFBC}") = "SINAV1", "SINAV1\SINAV1.csproj", "{8F200A86-F22E-4905-B76B-5814C185B110}"
EndProject
Project("{FAE04EC0-301F-11D3-BF4B-00C04F79EFBC}") = "Sınav2", "Sınav2\Sınav2.csproj", "{E8F3B848-0F78-49CA-B366-33ADD54A1BA9}"
EndProject
Project("{FAE04EC0-301F-11D3-BF4B-00C04F79EFBC}") = "Sınav3", "Sınav3\Sınav3.csproj", "{8A1A081B-316E-4DC0-87F3-970347D4BADD}"
EndProject
Project("{FAE04EC0-301F-11D3-BF4B-00C04F79EFBC}") = "Sınav4", "Sınav4\Sınav4.csproj", "{7EFF2728-4C12-4156-AA28-A882F583751C}"
EndProject
Project("{FAE04EC0-301F-11D3-BF4B-00C04F79EFBC}") = "Encapsulation1", "ConsoleApp2\Encapsulation1.csproj", "{CA17DB84-6F55-41C8-A697-199D09AA9746}"
EndProject
Project("{FAE04EC0-301F-11D3-BF4B-00C04F79EFBC}") = "SINAV5", "SINAV5\SINAV5.csproj", "{0EDB0D5B-8E31-43B8-BC99-4F24E23F383D}"
EndProject
Project("{FAE04EC0-301F-11D3-BF4B-00C04F79EFBC}") = "VizeFinalHesapla", "VizeFinalHesapla\VizeFinalHesapla.csproj", "{AB237F97-B54C-4969-AC9F-5A9FD086D2F4}"
EndProject
Project("{FAE04EC0-301F-11D3-BF4B-00C04F79EFBC}") = "Hesaplama", "Hesaplama\Hesaplama.csproj", "{9EA2111C-29A1-442C-AC3C-B883344D59A7}"
EndProject
Project("{FAE04EC0-301F-11D3-BF4B-00C04F79EFBC}") = "BozokFinal", "BozokFinal\BozokFinal.csproj", "{D384FD1F-E23E-4E6A-A0C5-ECAAB7026013}"
EndProject
Project("{FAE04EC0-301F-11D3-BF4B-00C04F79EFBC}") = "BozokFinal2", "BozokFinal2\BozokFinal2.csproj", "{8613330D-8160-4EA0-9209-291608453BFC}"
EndProject
Project("{FAE04EC0-301F-11D3-BF4B-00C04F79EFBC}") = "BozokFinal3", "BozokFinal3\BozokFinal3.csproj", "{8A0CE259-F43B-4020-A9EC-6492F10DB5EB}"
EndProject
Project("{FAE04EC0-301F-11D3-BF4B-00C04F79EFBC}") = "BozokFinal4", "BozokFinal4\BozokFinal4.csproj", "{429DF895-0942-4251-9D65-5CC393987810}"
EndProject
Project("{FAE04EC0-301F-11D3-BF4B-00C04F79EFBC}") = "BozokFinal5", "BozokFinal5\BozokFinal5.csproj", "{58CEBAED-1242-4067-B50A-603E7FC871E2}"
EndProject
Project("{FAE04EC0-301F-11D3-BF4B-00C04F79EFBC}") = "InterfaceMaindeMetotCagırma", "InterfaceMaindeMetotCagırma\InterfaceMaindeMetotCagırma.csproj", "{8F7A7A32-1C0B-4676-9DD3-D8AEDE1F1F14}"
EndProject
Global
	GlobalSection(SolutionConfigurationPlatforms) = preSolution
		Debug|Any CPU = Debug|Any CPU
		Release|Any CPU = Release|Any CPU
	EndGlobalSection
	GlobalSection(ProjectConfigurationPlatforms) = postSolution
		{471F6DAB-037B-4714-8C9E-DB1F796F00AB}.Debug|Any CPU.ActiveCfg = Debug|Any CPU
		{471F6DAB-037B-4714-8C9E-DB1F796F00AB}.Debug|Any CPU.Build.0 = Debug|Any CPU
		{471F6DAB-037B-4714-8C9E-DB1F796F00AB}.Release|Any CPU.ActiveCfg = Release|Any CPU
		{471F6DAB-037B-4714-8C9E-DB1F796F00AB}.Release|Any CPU.Build.0 = Release|Any CPU
		{5594D28D-E37C-4BBA-BAB0-77C1ABF6E8D2}.Debug|Any CPU.ActiveCfg = Debug|Any CPU
		{5594D28D-E37C-4BBA-BAB0-77C1ABF6E8D2}.Debug|Any CPU.Build.0 = Debug|Any CPU
		{5594D28D-E37C-4BBA-BAB0-77C1ABF6E8D2}.Release|Any CPU.ActiveCfg = Release|Any CPU
		{5594D28D-E37C-4BBA-BAB0-77C1ABF6E8D2}.Release|Any CPU.Build.0 = Release|Any CPU
		{C7E56277-D24A-4160-8482-EFAF7D875C44}.Debug|Any CPU.ActiveCfg = Debug|Any CPU
		{C7E56277-D24A-4160-8482-EFAF7D875C44}.Debug|Any CPU.Build.0 = Debug|Any CPU
		{C7E56277-D24A-4160-8482-EFAF7D875C44}.Release|Any CPU.ActiveCfg = Release|Any CPU
		{C7E56277-D24A-4160-8482-EFAF7D875C44}.Release|Any CPU.Build.0 = Release|Any CPU
		{5C0D47D4-3FDC-415C-837E-42011AB25BEA}.Debug|Any CPU.ActiveCfg = Debug|Any CPU
		{5C0D47D4-3FDC-415C-837E-42011AB25BEA}.Debug|Any CPU.Build.0 = Debug|Any CPU
		{5C0D47D4-3FDC-415C-837E-42011AB25BEA}.Release|Any CPU.ActiveCfg = Release|Any CPU
		{5C0D47D4-3FDC-415C-837E-42011AB25BEA}.Release|Any CPU.Build.0 = Release|Any CPU
		{6BAB9608-3AAD-43F4-869C-89C8AAA5D7AB}.Debug|Any CPU.ActiveCfg = Debug|Any CPU
		{6BAB9608-3AAD-43F4-869C-89C8AAA5D7AB}.Debug|Any CPU.Build.0 = Debug|Any CPU
		{6BAB9608-3AAD-43F4-869C-89C8AAA5D7AB}.Release|Any CPU.ActiveCfg = Release|Any CPU
		{6BAB9608-3AAD-43F4-869C-89C8AAA5D7AB}.Release|Any CPU.Build.0 = Release|Any CPU
		{6748543C-26D5-416F-A32B-6AEDB77D9576}.Debug|Any CPU.ActiveCfg = Debug|Any CPU
		{6748543C-26D5-416F-A32B-6AEDB77D9576}.Debug|Any CPU.Build.0 = Debug|Any CPU
		{6748543C-26D5-416F-A32B-6AEDB77D9576}.Release|Any CPU.ActiveCfg = Release|Any CPU
		{6748543C-26D5-416F-A32B-6AEDB77D9576}.Release|Any CPU.Build.0 = Release|Any CPU
		{235F9E4F-B41F-4D2C-AE41-875C8856CCBC}.Debug|Any CPU.ActiveCfg = Debug|Any CPU
		{235F9E4F-B41F-4D2C-AE41-875C8856CCBC}.Debug|Any CPU.Build.0 = Debug|Any CPU
		{235F9E4F-B41F-4D2C-AE41-875C8856CCBC}.Release|Any CPU.ActiveCfg = Release|Any CPU
		{235F9E4F-B41F-4D2C-AE41-875C8856CCBC}.Release|Any CPU.Build.0 = Release|Any CPU
		{3A684979-2E3E-489D-8513-B431EBAAD958}.Debug|Any CPU.ActiveCfg = Debug|Any CPU
		{3A684979-2E3E-489D-8513-B431EBAAD958}.Debug|Any CPU.Build.0 = Debug|Any CPU
		{3A684979-2E3E-489D-8513-B431EBAAD958}.Release|Any CPU.ActiveCfg = Release|Any CPU
		{3A684979-2E3E-489D-8513-B431EBAAD958}.Release|Any CPU.Build.0 = Release|Any CPU
		{D85C167D-8C7F-4EAB-B97B-D57FDB102386}.Debug|Any CPU.ActiveCfg = Debug|Any CPU
		{D85C167D-8C7F-4EAB-B97B-D57FDB102386}.Debug|Any CPU.Build.0 = Debug|Any CPU
		{D85C167D-8C7F-4EAB-B97B-D57FDB102386}.Release|Any CPU.ActiveCfg = Release|Any CPU
		{D85C167D-8C7F-4EAB-B97B-D57FDB102386}.Release|Any CPU.Build.0 = Release|Any CPU
		{8F200A86-F22E-4905-B76B-5814C185B110}.Debug|Any CPU.ActiveCfg = Debug|Any CPU
		{8F200A86-F22E-4905-B76B-5814C185B110}.Debug|Any CPU.Build.0 = Debug|Any CPU
		{8F200A86-F22E-4905-B76B-5814C185B110}.Release|Any CPU.ActiveCfg = Release|Any CPU
		{8F200A86-F22E-4905-B76B-5814C185B110}.Release|Any CPU.Build.0 = Release|Any CPU
		{E8F3B848-0F78-49CA-B366-33ADD54A1BA9}.Debug|Any CPU.ActiveCfg = Debug|Any CPU
		{E8F3B848-0F78-49CA-B366-33ADD54A1BA9}.Debug|Any CPU.Build.0 = Debug|Any CPU
		{E8F3B848-0F78-49CA-B366-33ADD54A1BA9}.Release|Any CPU.ActiveCfg = Release|Any CPU
		{E8F3B848-0F78-49CA-B366-33ADD54A1BA9}.Release|Any CPU.Build.0 = Release|Any CPU
		{8A1A081B-316E-4DC0-87F3-970347D4BADD}.Debug|Any CPU.ActiveCfg = Debug|Any CPU
		{8A1A081B-316E-4DC0-87F3-970347D4BADD}.Debug|Any CPU.Build.0 = Debug|Any CPU
		{8A1A081B-316E-4DC0-87F3-970347D4BADD}.Release|Any CPU.ActiveCfg = Release|Any CPU
		{8A1A081B-316E-4DC0-87F3-970347D4BADD}.Release|Any CPU.Build.0 = Release|Any CPU
		{7EFF2728-4C12-4156-AA28-A882F583751C}.Debug|Any CPU.ActiveCfg = Debug|Any CPU
		{7EFF2728-4C12-4156-AA28-A882F583751C}.Debug|Any CPU.Build.0 = Debug|Any CPU
		{7EFF2728-4C12-4156-AA28-A882F583751C}.Release|Any CPU.ActiveCfg = Release|Any CPU
		{7EFF2728-4C12-4156-AA28-A882F583751C}.Release|Any CPU.Build.0 = Release|Any CPU
		{CA17DB84-6F55-41C8-A697-199D09AA9746}.Debug|Any CPU.ActiveCfg = Debug|Any CPU
		{CA17DB84-6F55-41C8-A697-199D09AA9746}.Debug|Any CPU.Build.0 = Debug|Any CPU
		{CA17DB84-6F55-41C8-A697-199D09AA9746}.Release|Any CPU.ActiveCfg = Release|Any CPU
		{CA17DB84-6F55-41C8-A697-199D09AA9746}.Release|Any CPU.Build.0 = Release|Any CPU
		{0EDB0D5B-8E31-43B8-BC99-4F24E23F383D}.Debug|Any CPU.ActiveCfg = Debug|Any CPU
		{0EDB0D5B-8E31-43B8-BC99-4F24E23F383D}.Debug|Any CPU.Build.0 = Debug|Any CPU
		{0EDB0D5B-8E31-43B8-BC99-4F24E23F383D}.Release|Any CPU.ActiveCfg = Release|Any CPU
		{0EDB0D5B-8E31-43B8-BC99-4F24E23F383D}.Release|Any CPU.Build.0 = Release|Any CPU
		{AB237F97-B54C-4969-AC9F-5A9FD086D2F4}.Debug|Any CPU.ActiveCfg = Debug|Any CPU
		{AB237F97-B54C-4969-AC9F-5A9FD086D2F4}.Debug|Any CPU.Build.0 = Debug|Any CPU
		{AB237F97-B54C-4969-AC9F-5A9FD086D2F4}.Release|Any CPU.ActiveCfg = Release|Any CPU
		{AB237F97-B54C-4969-AC9F-5A9FD086D2F4}.Release|Any CPU.Build.0 = Release|Any CPU
		{9EA2111C-29A1-442C-AC3C-B883344D59A7}.Debug|Any CPU.ActiveCfg = Debug|Any CPU
		{9EA2111C-29A1-442C-AC3C-B883344D59A7}.Debug|Any CPU.Build.0 = Debug|Any CPU
		{9EA2111C-29A1-442C-AC3C-B883344D59A7}.Release|Any CPU.ActiveCfg = Release|Any CPU
		{9EA2111C-29A1-442C-AC3C-B883344D59A7}.Release|Any CPU.Build.0 = Release|Any CPU
		{D384FD1F-E23E-4E6A-A0C5-ECAAB7026013}.Debug|Any CPU.ActiveCfg = Debug|Any CPU
		{D384FD1F-E23E-4E6A-A0C5-ECAAB7026013}.Debug|Any CPU.Build.0 = Debug|Any CPU
		{D384FD1F-E23E-4E6A-A0C5-ECAAB7026013}.Release|Any CPU.ActiveCfg = Release|Any CPU
		{D384FD1F-E23E-4E6A-A0C5-ECAAB7026013}.Release|Any CPU.Build.0 = Release|Any CPU
		{8613330D-8160-4EA0-9209-291608453BFC}.Debug|Any CPU.ActiveCfg = Debug|Any CPU
		{8613330D-8160-4EA0-9209-291608453BFC}.Debug|Any CPU.Build.0 = Debug|Any CPU
		{8613330D-8160-4EA0-9209-291608453BFC}.Release|Any CPU.ActiveCfg = Release|Any CPU
		{8613330D-8160-4EA0-9209-291608453BFC}.Release|Any CPU.Build.0 = Release|Any CPU
		{8A0CE259-F43B-4020-A9EC-6492F10DB5EB}.Debug|Any CPU.ActiveCfg = Debug|Any CPU
		{8A0CE259-F43B-4020-A9EC-6492F10DB5EB}.Debug|Any CPU.Build.0 = Debug|Any CPU
		{8A0CE259-F43B-4020-A9EC-6492F10DB5EB}.Release|Any CPU.ActiveCfg = Release|Any CPU
		{8A0CE259-F43B-4020-A9EC-6492F10DB5EB}.Release|Any CPU.Build.0 = Release|Any CPU
		{429DF895-0942-4251-9D65-5CC393987810}.Debug|Any CPU.ActiveCfg = Debug|Any CPU
		{429DF895-0942-4251-9D65-5CC393987810}.Debug|Any CPU.Build.0 = Debug|Any CPU
		{429DF895-0942-4251-9D65-5CC393987810}.Release|Any CPU.ActiveCfg = Release|Any CPU
		{429DF895-0942-4251-9D65-5CC393987810}.Release|Any CPU.Build.0 = Release|Any CPU
		{58CEBAED-1242-4067-B50A-603E7FC871E2}.Debug|Any CPU.ActiveCfg = Debug|Any CPU
		{58CEBAED-1242-4067-B50A-603E7FC871E2}.Debug|Any CPU.Build.0 = Debug|Any CPU
		{58CEBAED-1242-4067-B50A-603E7FC871E2}.Release|Any CPU.ActiveCfg = Release|Any CPU
		{58CEBAED-1242-4067-B50A-603E7FC871E2}.Release|Any CPU.Build.0 = Release|Any CPU
		{8F7A7A32-1C0B-4676-9DD3-D8AEDE1F1F14}.Debug|Any CPU.ActiveCfg = Debug|Any CPU
		{8F7A7A32-1C0B-4676-9DD3-D8AEDE1F1F14}.Debug|Any CPU.Build.0 = Debug|Any CPU
		{8F7A7A32-1C0B-4676-9DD3-D8AEDE1F1F14}.Release|Any CPU.ActiveCfg = Release|Any CPU
		{8F7A7A32-1C0B-4676-9DD3-D8AEDE1F1F14}.Release|Any CPU.Build.0 = Release|Any CPU
	EndGlobalSection
	GlobalSection(SolutionProperties) = preSolution
		HideSolutionNode = FALSE
	EndGlobalSection
	GlobalSection(NestedProjects) = preSolution
		{471F6DAB-037B-4714-8C9E-DB1F796F00AB} = {8CCA946B-862B-4776-8E16-71064BEA4FC8}
		{5594D28D-E37C-4BBA-BAB0-77C1ABF6E8D2} = {BE78EB27-DCFE-454B-9566-DA67BBE40D97}
		{C7E56277-D24A-4160-8482-EFAF7D875C44} = {363255CA-07CC-482F-981E-B0D410F3B8DA}
		{5C0D47D4-3FDC-415C-837E-42011AB25BEA} = {BE78EB27-DCFE-454B-9566-DA67BBE40D97}
		{6748543C-26D5-416F-A32B-6AEDB77D9576} = {BE78EB27-DCFE-454B-9566-DA67BBE40D97}
		{363255CA-07CC-482F-981E-B0D410F3B8DA} = {BE78EB27-DCFE-454B-9566-DA67BBE40D97}
		{235F9E4F-B41F-4D2C-AE41-875C8856CCBC} = {363255CA-07CC-482F-981E-B0D410F3B8DA}
		{3A684979-2E3E-489D-8513-B431EBAAD958} = {363255CA-07CC-482F-981E-B0D410F3B8DA}
		{D85C167D-8C7F-4EAB-B97B-D57FDB102386} = {363255CA-07CC-482F-981E-B0D410F3B8DA}
		{8F200A86-F22E-4905-B76B-5814C185B110} = {C40DDF93-8630-4B62-B1DB-69EE0D0D5AAD}
		{E8F3B848-0F78-49CA-B366-33ADD54A1BA9} = {C40DDF93-8630-4B62-B1DB-69EE0D0D5AAD}
		{8A1A081B-316E-4DC0-87F3-970347D4BADD} = {C40DDF93-8630-4B62-B1DB-69EE0D0D5AAD}
		{7EFF2728-4C12-4156-AA28-A882F583751C} = {C40DDF93-8630-4B62-B1DB-69EE0D0D5AAD}
		{CA17DB84-6F55-41C8-A697-199D09AA9746} = {A051D18A-931F-488F-8827-C3A7BE9B2B95}
		{0EDB0D5B-8E31-43B8-BC99-4F24E23F383D} = {C40DDF93-8630-4B62-B1DB-69EE0D0D5AAD}
	EndGlobalSection
	GlobalSection(ExtensibilityGlobals) = postSolution
		SolutionGuid = {7B0BD611-E5A1-4E91-AE2D-13B1BC5BF81C}
	EndGlobalSection
EndGlobal
